# This file is automatically @generated by Cargo.
# It is not intended for manual editing.
version = 4

[[package]]
name = "elain"
version = "0.3.1"
source = "registry+https://github.com/rust-lang/crates.io-index"
checksum = "6ba39bdf557eef05f2c1c2e986cbab6b85329b922e7606e5b63ee4c5037ba77a"

[[package]]
name = "icmsg"
version = "0.1.0"
dependencies = [
 "elain",
]
